
Microsoft Visual Studio Solution File, Format Version 12.00
# Visual Studio Version 17
VisualStudioVersion = 17.14.36127.28 d17.14
MinimumVisualStudioVersion = 10.0.40219.1
Project("{FAE04EC0-301F-11D3-BF4B-00C04F79EFBC}") = "ApptManager", "ApptManager\ApptManager.csproj", "{67A50736-F4E2-4DB2-800C-1C3D639B1CFC}"
EndProject
Project("{FAE04EC0-301F-11D3-BF4B-00C04F79EFBC}") = "AdminSeeder", "AdminSeeder\AdminSeeder.csproj", "{D63498D4-0020-4BEE-8B4E-B7261BABE725}"
EndProject
Global
	GlobalSection(SolutionConfigurationPlatforms) = preSolution
		Debug|Any CPU = Debug|Any CPU
		Release|Any CPU = Release|Any CPU
	EndGlobalSection
	GlobalSection(ProjectConfigurationPlatforms) = postSolution
		{67A50736-F4E2-4DB2-800C-1C3D639B1CFC}.Debug|Any CPU.ActiveCfg = Debug|Any CPU
		{67A50736-F4E2-4DB2-800C-1C3D639B1CFC}.Debug|Any CPU.Build.0 = Debug|Any CPU
		{67A50736-F4E2-4DB2-800C-1C3D639B1CFC}.Release|Any CPU.ActiveCfg = Release|Any CPU
		{67A50736-F4E2-4DB2-800C-1C3D639B1CFC}.Release|Any CPU.Build.0 = Release|Any CPU
		{D63498D4-0020-4BEE-8B4E-B7261BABE725}.Debug|Any CPU.ActiveCfg = Debug|Any CPU
		{D63498D4-0020-4BEE-8B4E-B7261BABE725}.Debug|Any CPU.Build.0 = Debug|Any CPU
		{D63498D4-0020-4BEE-8B4E-B7261BABE725}.Release|Any CPU.ActiveCfg = Release|Any CPU
		{D63498D4-0020-4BEE-8B4E-B7261BABE725}.Release|Any CPU.Build.0 = Release|Any CPU
	EndGlobalSection
	GlobalSection(SolutionProperties) = preSolution
		HideSolutionNode = FALSE
	EndGlobalSection
	GlobalSection(ExtensibilityGlobals) = postSolution
		SolutionGuid = {1CDE6F26-2485-4678-8ED4-5D59021EB217}
	EndGlobalSection
EndGlobal
